Microsoft Visual Studio Solution File, Format Version 12.00
# Visual Studio Version 17
VisualStudioVersion = 17.5.2.0
MinimumVisualStudioVersion = 10.0.40219.1
Project("{FAE04EC0-301F-11D3-BF4B-00C04F79EFBC}") = "adventure-guild-api", "adventure-guild-api.csproj", "{834531D6-2D29-AD34-AD22-F6756BBD707A}"
EndProject
Global
	GlobalSection(SolutionConfigurationPlatforms) = preSolution
		Debug|Any CPU = Debug|Any CPU
		Release|Any CPU = Release|Any CPU
	EndGlobalSection
	GlobalSection(ProjectConfigurationPlatforms) = postSolution
		{834531D6-2D29-AD34-AD22-F6756BBD707A}.Debug|Any CPU.ActiveCfg = Debug|Any CPU
		{834531D6-2D29-AD34-AD22-F6756BBD707A}.Debug|Any CPU.Build.0 = Debug|Any CPU
		{834531D6-2D29-AD34-AD22-F6756BBD707A}.Release|Any CPU.ActiveCfg = Release|Any CPU
		{834531D6-2D29-AD34-AD22-F6756BBD707A}.Release|Any CPU.Build.0 = Release|Any CPU
	EndGlobalSection
	GlobalSection(SolutionProperties) = preSolution
		HideSolutionNode = FALSE
	EndGlobalSection
	GlobalSection(ExtensibilityGlobals) = postSolution
		SolutionGuid = {8AE9A7B6-E441-435B-AA6C-47964ABB4D20}
	EndGlobalSection
EndGlobal
